<?xml version="1.0" encoding="utf-8"?>
<Project ToolsVersion="4.0" xmlns="http://schemas.microsoft.com/developer/msbuild/2003">
  <ItemGroup>
    <Filter Include="system">
      <UniqueIdentifier>{98c123dc-5bf8-41a3-bf68-0eb93d3fe7ec}</UniqueIdentifier>
    </Filter>
    <Filter Include="component">
      <UniqueIdentifier>{89c5d760-88ec-438b-bffd-4fc25ba90e25}</UniqueIdentifier>
    </Filter>
    <Filter Include="entity">
      <UniqueIdentifier>{561d78ea-1f4d-4e48-8be3-23a4210991b8}</UniqueIdentifier>
    </Filter>
    <Filter Include="messages">
      <UniqueIdentifier>{dc28d7fb-1f5c-4dfb-b6fa-a336fa57d9e1}</UniqueIdentifier>
    </Filter>
  </ItemGroup>
  <ItemGroup>
    <ClCompile Include="main.cpp" />
    <ClCompile Include="game.cpp" />
    <ClCompile Include="engine.cpp" />
    <ClCompile Include="system\graphics_system.cpp">
      <Filter>system</Filter>
    </ClCompile>
    <ClCompile Include="system\input_system.cpp">
      <Filter>system</Filter>
    </ClCompile>
    <ClCompile Include="component\icomponent.cpp">
      <Filter>component</Filter>
    </ClCompile>
    <ClCompile Include="entity\entity_id.cpp">
      <Filter>entity</Filter>
    </ClCompile>
    <ClCompile Include="entity\entity_factory.cpp">
      <Filter>entity</Filter>
    </ClCompile>
    <ClCompile Include="entity\entity.cpp">
      <Filter>entity</Filter>
    </ClCompile>
    <ClCompile Include="messages\message.cpp">
      <Filter>messages</Filter>
    </ClCompile>
    <ClCompile Include="system\message_system.cpp">
      <Filter>system</Filter>
    </ClCompile>
    <ClCompile Include="system\movement_system.cpp">
      <Filter>system</Filter>
    </ClCompile>
    <ClCompile Include="component\movement_component.cpp">
      <Filter>component</Filter>
    </ClCompile>
  </ItemGroup>
  <ItemGroup>
    <ClInclude Include="engine.hpp" />
    <ClInclude Include="game.hpp" />
    <ClInclude Include="system\graphics_system.hpp">
      <Filter>system</Filter>
    </ClInclude>
    <ClInclude Include="system\input_system.hpp">
      <Filter>system</Filter>
    </ClInclude>
    <ClInclude Include="entity\entity.hpp">
      <Filter>entity</Filter>
    </ClInclude>
    <ClInclude Include="entity\entity_id.hpp">
      <Filter>entity</Filter>
    </ClInclude>
    <ClInclude Include="entity\entity_factory.hpp">
      <Filter>entity</Filter>
    </ClInclude>
    <ClInclude Include="component\icomponent.hpp">
      <Filter>component</Filter>
    </ClInclude>
    <ClInclude Include="component\transform_component.hpp">
      <Filter>component</Filter>
    </ClInclude>
    <ClInclude Include="component\input_component.hpp">
      <Filter>component</Filter>
    </ClInclude>
    <ClInclude Include="messages\move_message.hpp">
      <Filter>messages</Filter>
    </ClInclude>
    <ClInclude Include="messages\message.hpp">
      <Filter>messages</Filter>
    </ClInclude>
    <ClInclude Include="system\message_system.hpp">
      <Filter>system</Filter>
    </ClInclude>
    <ClInclude Include="system\movement_system.hpp">
      <Filter>system</Filter>
    </ClInclude>
    <ClInclude Include="component\sprite_component.hpp">
      <Filter>component</Filter>
    </ClInclude>
    <ClInclude Include="component\movement_component.hpp">
      <Filter>component</Filter>
    </ClInclude>
    <ClInclude Include="entity\entity_helpers.hpp">
      <Filter>entity</Filter>
    </ClInclude>
    <ClInclude Include="component\component_factory.hpp">
      <Filter>component</Filter>
    </ClInclude>
    <ClInclude Include="component\component_factory.inc">
      <Filter>component</Filter>
    </ClInclude>
    <ClInclude Include="component\component_registry.hpp">
      <Filter>component</Filter>
    </ClInclude>
    <ClInclude Include="messages\acceleration_message.hpp">
      <Filter>messages</Filter>
    </ClInclude>
  </ItemGroup>
  <ItemGroup>
    <None Include="entity\entity_helpers.inc">
      <Filter>entity</Filter>
    </None>
  </ItemGroup>
</Project>